
Microsoft Visual Studio Solution File, Format Version 12.00
# Visual Studio 15
Project("{FAE04EC0-301F-11D3-BF4B-00C04F79EFBC}") = "Assembly-CSharp", "Assembly-CSharp.csproj", "{1CA3A0DD-6858-E0A9-3C41-F80A66C60F84}"
EndProject
Project("{FAE04EC0-301F-11D3-BF4B-00C04F79EFBC}") = "NavMeshComponents", "NavMeshComponents.csproj", "{4A63C6AE-F9D2-F972-02A0-07CCBE999729}"
EndProject
Project("{FAE04EC0-301F-11D3-BF4B-00C04F79EFBC}") = "NavMeshComponentsEditor", "NavMeshComponentsEditor.csproj", "{B9C457FF-6AFA-0D2C-1133-A93D62759AC7}"
EndProject
Global
	GlobalSection(SolutionConfigurationPlatforms) = preSolution
		Debug|Any CPU = Debug|Any CPU
		Release|Any CPU = Release|Any CPU
	EndGlobalSection
	GlobalSection(ProjectConfigurationPlatforms) = postSolution
		{1CA3A0DD-6858-E0A9-3C41-F80A66C60F84}.Debug|Any CPU.ActiveCfg = Debug|Any CPU
		{1CA3A0DD-6858-E0A9-3C41-F80A66C60F84}.Debug|Any CPU.Build.0 = Debug|Any CPU
		{1CA3A0DD-6858-E0A9-3C41-F80A66C60F84}.Release|Any CPU.ActiveCfg = Release|Any CPU
		{1CA3A0DD-6858-E0A9-3C41-F80A66C60F84}.Release|Any CPU.Build.0 = Release|Any CPU
		{4A63C6AE-F9D2-F972-02A0-07CCBE999729}.Debug|Any CPU.ActiveCfg = Debug|Any CPU
		{4A63C6AE-F9D2-F972-02A0-07CCBE999729}.Debug|Any CPU.Build.0 = Debug|Any CPU
		{4A63C6AE-F9D2-F972-02A0-07CCBE999729}.Release|Any CPU.ActiveCfg = Release|Any CPU
		{4A63C6AE-F9D2-F972-02A0-07CCBE999729}.Release|Any CPU.Build.0 = Release|Any CPU
		{B9C457FF-6AFA-0D2C-1133-A93D62759AC7}.Debug|Any CPU.ActiveCfg = Debug|Any CPU
		{B9C457FF-6AFA-0D2C-1133-A93D62759AC7}.Debug|Any CPU.Build.0 = Debug|Any CPU
		{B9C457FF-6AFA-0D2C-1133-A93D62759AC7}.Release|Any CPU.ActiveCfg = Release|Any CPU
		{B9C457FF-6AFA-0D2C-1133-A93D62759AC7}.Release|Any CPU.Build.0 = Release|Any CPU
	EndGlobalSection
	GlobalSection(SolutionProperties) = preSolution
		HideSolutionNode = FALSE
	EndGlobalSection
EndGlobal
